dependencies:
  typescript: 4.2.2
lockfileVersion: 5.2
packages:
  /typescript/4.2.2:
    dev: false
    engines:
      node: '>=4.2.0'
    hasBin: true
    resolution:
      integrity: sha512-tbb+NVrLfnsJy3M59lsDgrzWIflR4d4TIUjz+heUnHZwdF7YsrMTKoRERiIvI2lvBG95dfpLxB21WZhys1bgaQ==
specifiers:
  typescript: ^4.2.2
